Microsoft Visual Studio Solution File, Format Version 12.00
# Visual Studio Version 17
VisualStudioVersion = 17.5.2.0
MinimumVisualStudioVersion = 10.0.40219.1
Project("{FAE04EC0-301F-11D3-BF4B-00C04F79EFBC}") = "QuanLyResort", "QuanLyResort.csproj", "{9D2680AA-EE0B-FDC9-4FB3-F7CE32553C1A}"
EndProject
Global
	GlobalSection(SolutionConfigurationPlatforms) = preSolution
		Debug|Any CPU = Debug|Any CPU
		Release|Any CPU = Release|Any CPU
	EndGlobalSection
	GlobalSection(ProjectConfigurationPlatforms) = postSolution
		{9D2680AA-EE0B-FDC9-4FB3-F7CE32553C1A}.Debug|Any CPU.ActiveCfg = Debug|Any CPU
		{9D2680AA-EE0B-FDC9-4FB3-F7CE32553C1A}.Debug|Any CPU.Build.0 = Debug|Any CPU
		{9D2680AA-EE0B-FDC9-4FB3-F7CE32553C1A}.Release|Any CPU.ActiveCfg = Release|Any CPU
		{9D2680AA-EE0B-FDC9-4FB3-F7CE32553C1A}.Release|Any CPU.Build.0 = Release|Any CPU
	EndGlobalSection
	GlobalSection(SolutionProperties) = preSolution
		HideSolutionNode = FALSE
	EndGlobalSection
	GlobalSection(ExtensibilityGlobals) = postSolution
		SolutionGuid = {F051D5B1-1821-4ED2-82A2-EE22E9814E4C}
	EndGlobalSection
EndGlobal
